
Microsoft Visual Studio Solution File, Format Version 12.00
# Visual Studio Version 17
VisualStudioVersion = 17.14.36930.0 d17.14
MinimumVisualStudioVersion = 10.0.40219.1
Project("{FAE04EC0-301F-11D3-BF4B-00C04F79EFBC}") = "UsingViewModelsinMVVM", "UsingViewModelsinMVVM.csproj", "{07D29C42-02D2-4BF1-B1DA-8170A25020BC}"
EndProject
Global
	GlobalSection(SolutionConfigurationPlatforms) = preSolution
		Debug|Any CPU = Debug|Any CPU
		Release|Any CPU = Release|Any CPU
	EndGlobalSection
	GlobalSection(ProjectConfigurationPlatforms) = postSolution
		{07D29C42-02D2-4BF1-B1DA-8170A25020BC}.Debug|Any CPU.ActiveCfg = Debug|Any CPU
		{07D29C42-02D2-4BF1-B1DA-8170A25020BC}.Debug|Any CPU.Build.0 = Debug|Any CPU
		{07D29C42-02D2-4BF1-B1DA-8170A25020BC}.Release|Any CPU.ActiveCfg = Release|Any CPU
		{07D29C42-02D2-4BF1-B1DA-8170A25020BC}.Release|Any CPU.Build.0 = Release|Any CPU
	EndGlobalSection
	GlobalSection(SolutionProperties) = preSolution
		HideSolutionNode = FALSE
	EndGlobalSection
	GlobalSection(ExtensibilityGlobals) = postSolution
		SolutionGuid = {794FF56C-4633-46AC-ABF0-3219AC82EA36}
	EndGlobalSection
EndGlobal
